
Microsoft Visual Studio Solution File, Format Version 12.00
# Visual Studio Version 17
VisualStudioVersion = 17.6.33717.318
MinimumVisualStudioVersion = 10.0.40219.1
Project("{2150E333-8FDC-42A3-9474-1A3956D46DE8}") = "src", "src", "{B23CC057-C395-4717-A879-6D0D3AA48169}"
EndProject
Project("{9A19103F-16F7-4668-BE54-9A1E7A4F7556}") = "DemoApp-Desktop", "src\BurgerMenu-Desktop\DemoApp-Desktop.csproj", "{36F112F5-3278-44AD-B44F-153600178D7F}"
EndProject
Global
	GlobalSection(SolutionConfigurationPlatforms) = preSolution
		Debug|Any CPU = Debug|Any CPU
		Release|Any CPU = Release|Any CPU
	EndGlobalSection
	GlobalSection(ProjectConfigurationPlatforms) = postSolution
		{36F112F5-3278-44AD-B44F-153600178D7F}.Debug|Any CPU.ActiveCfg = Debug|Any CPU
		{36F112F5-3278-44AD-B44F-153600178D7F}.Debug|Any CPU.Build.0 = Debug|Any CPU
		{36F112F5-3278-44AD-B44F-153600178D7F}.Release|Any CPU.ActiveCfg = Release|Any CPU
		{36F112F5-3278-44AD-B44F-153600178D7F}.Release|Any CPU.Build.0 = Release|Any CPU
	EndGlobalSection
	GlobalSection(SolutionProperties) = preSolution
		HideSolutionNode = FALSE
	EndGlobalSection
	GlobalSection(NestedProjects) = preSolution
		{36F112F5-3278-44AD-B44F-153600178D7F} = {B23CC057-C395-4717-A879-6D0D3AA48169}
	EndGlobalSection
	GlobalSection(ExtensibilityGlobals) = postSolution
		SolutionGuid = {8FD4C679-BB00-47FE-8A99-95BD96F2106F}
	EndGlobalSection
EndGlobal
